{
  "originHash" : "ac4e0a5bcdb216b8341370aea34e2a311813532ffe9c12bbb9c2e843d3a8d5ee",
  "pins" : [
    {
      "identity" : "haishinkit.swift",
      "kind" : "remoteSourceControl",
      "location" : "https://github.com/HaishinKit/HaishinKit.swift",
      "state" : {
        "branch" : "5df1c05f",
        "revision" : "5df1c05f721ee5c29d5a4151468bf059a9e9d992"
      }
    },
    {
      "identity" : "logboard",
      "kind" : "remoteSourceControl",
      "location" : "https://github.com/shogo4405/Logboard.git",
      "state" : {
        "revision" : "8f41c63afb903040b77049ee2efa8c257b8c0d50",
        "version" : "2.6.0"
      }
    }
  ],
  "version" : 3
}
